Microsoft Visual Studio Solution File, Format Version 12.00
# Visual Studio Version 17
VisualStudioVersion = 17.0.31903.59
MinimumVisualStudioVersion = 10.0.40219.1
Project("{FAE04EC0-301F-11D3-BF4B-00C04F79EFBC}") = "Wiser.Control", "Wiser.Control\Wiser.Control.csproj", "{74EFC9F1-8405-51B8-3962-1A1C94A739BF}"
EndProject
Project("{FAE04EC0-301F-11D3-BF4B-00C04F79EFBC}") = "Wiser.Monitor", "Wiser.Monitor\Wiser.Monitor.csproj", "{4D5A9CC5-7601-7908-11A6-EEBF59FFA7A5}"
EndProject
Global
	GlobalSection(SolutionConfigurationPlatforms) = preSolution
		Debug|Any CPU = Debug|Any CPU
		Release|Any CPU = Release|Any CPU
	EndGlobalSection
	GlobalSection(ProjectConfigurationPlatforms) = postSolution
		{74EFC9F1-8405-51B8-3962-1A1C94A739BF}.Debug|Any CPU.ActiveCfg = Debug|Any CPU
		{74EFC9F1-8405-51B8-3962-1A1C94A739BF}.Debug|Any CPU.Build.0 = Debug|Any CPU
		{74EFC9F1-8405-51B8-3962-1A1C94A739BF}.Debug|Any CPU.Deploy.0 = Debug|Any CPU
		{74EFC9F1-8405-51B8-3962-1A1C94A739BF}.Release|Any CPU.ActiveCfg = Release|Any CPU
		{74EFC9F1-8405-51B8-3962-1A1C94A739BF}.Release|Any CPU.Build.0 = Release|Any CPU
		{4D5A9CC5-7601-7908-11A6-EEBF59FFA7A5}.Debug|Any CPU.ActiveCfg = Debug|Any CPU
		{4D5A9CC5-7601-7908-11A6-EEBF59FFA7A5}.Debug|Any CPU.Build.0 = Debug|Any CPU
		{4D5A9CC5-7601-7908-11A6-EEBF59FFA7A5}.Release|Any CPU.ActiveCfg = Release|Any CPU
		{4D5A9CC5-7601-7908-11A6-EEBF59FFA7A5}.Release|Any CPU.Build.0 = Release|Any CPU
	EndGlobalSection
	GlobalSection(SolutionProperties) = preSolution
		HideSolutionNode = FALSE
	EndGlobalSection
	GlobalSection(ExtensibilityGlobals) = postSolution
		SolutionGuid = {6C8A12F0-4B1E-4A2D-9E7C-5F3D8A1B0E64}
	EndGlobalSection
EndGlobal
